// !$*UTF8*$!
{
	archiveVersion = 1;
	classes = {
	};
	objectVersion = 56;
	objects = {

/* Begin PBXBuildFile section */
		CE25D9B82B073A4A004EF9BE /* Localizable.strings in Resources */ = {isa = PBXBuildFile; fileRef = CE25D9BA2B073A4A004EF9BE /* Localizable.strings */; };
		CE5988732B00FBA200337290 /* Doctor.swift in Sources */ = {isa = PBXBuildFile; fileRef = CE5988722B00FBA200337290 /* Doctor.swift */; };
		CE5988752B00FC4300337290 /* ModelData.swift in Sources */ = {isa = PBXBuildFile; fileRef = CE5988742B00FC4300337290 /* ModelData.swift */; };
		CE5988792B01065D00337290 /* Doctors.json in Resources */ = {isa = PBXBuildFile; fileRef = CE5988782B01065D00337290 /* Doctors.json */; };
		CE59887D2B010C0600337290 /* Meetings.json in Resources */ = {isa = PBXBuildFile; fileRef = CE59887C2B010C0600337290 /* Meetings.json */; };
		CE59887F2B010D9D00337290 /* Meeting.swift in Sources */ = {isa = PBXBuildFile; fileRef = CE59887E2B010D9D00337290 /* Meeting.swift */; };
		CE5988822B010E9D00337290 /* GreetingHeader.swift in Sources */ = {isa = PBXBuildFile; fileRef = CE5988812B010E9D00337290 /* GreetingHeader.swift */; };
		CE5988842B010F3B00337290 /* User.json in Resources */ = {isa = PBXBuildFile; fileRef = CE5988832B010F3B00337290 /* User.json */; };
		CE5988862B010FAE00337290 /* User.swift in Sources */ = {isa = PBXBuildFile; fileRef = CE5988852B010FAE00337290 /* User.swift */; };
		CE5DAFEA2B0137C800C65BB3 /* Colors.swift in Sources */ = {isa = PBXBuildFile; fileRef = CE5DAFE92B0137C800C65BB3 /* Colors.swift */; };
		CE5DAFEE2B013C0800C65BB3 /* Poppins-Bold.ttf in Resources */ = {isa = PBXBuildFile; fileRef = CE5DAFEB2B013C0800C65BB3 /* Poppins-Bold.ttf */; };
		CE5DAFEF2B013C0800C65BB3 /* Poppins-SemiBold.ttf in Resources */ = {isa = PBXBuildFile; fileRef = CE5DAFEC2B013C0800C65BB3 /* Poppins-SemiBold.ttf */; };
		CE5DAFF52B013D9200C65BB3 /* Poppins-Regular.ttf in Resources */ = {isa = PBXBuildFile; fileRef = CE5DAFF42B013D9200C65BB3 /* Poppins-Regular.ttf */; };
		CE5DAFF72B013E4900C65BB3 /* Fonts.swift in Sources */ = {isa = PBXBuildFile; fileRef = CE5DAFF62B013E4900C65BB3 /* Fonts.swift */; };
		CE5DAFF92B014B7800C65BB3 /* NearestMeeting.swift in Sources */ = {isa = PBXBuildFile; fileRef = CE5DAFF82B014B7800C65BB3 /* NearestMeeting.swift */; };
		CE7C44BE2B009B3100D7C5B8 /* YourDoctorApp.swift in Sources */ = {isa = PBXBuildFile; fileRef = CE7C44BD2B009B3100D7C5B8 /* YourDoctorApp.swift */; };
		CE7C44C02B009B3100D7C5B8 /* ContentView.swift in Sources */ = {isa = PBXBuildFile; fileRef = CE7C44BF2B009B3100D7C5B8 /* ContentView.swift */; };
		CE7C44C22B009B3400D7C5B8 /* Assets.xcassets in Resources */ = {isa = PBXBuildFile; fileRef = CE7C44C12B009B3400D7C5B8 /* Assets.xcassets */; };
		CE7C44C52B009B3400D7C5B8 /* Preview Assets.xcassets in Resources */ = {isa = PBXBuildFile; fileRef = CE7C44C42B009B3400D7C5B8 /* Preview Assets.xcassets */; };
		CE7C44CC2B009BA800D7C5B8 /* MainScreen.swift in Sources */ = {isa = PBXBuildFile; fileRef = CE7C44CB2B009BA800D7C5B8 /* MainScreen.swift */; };
		CED27CB82B01E6BD003B1AA5 /* SearchBar.swift in Sources */ = {isa = PBXBuildFile; fileRef = CED27CB72B01E6BD003B1AA5 /* SearchBar.swift */; };
		CED5DE0C2B02333C006AF024 /* Tab.swift in Sources */ = {isa = PBXBuildFile; fileRef = CED5DE0B2B02333C006AF024 /* Tab.swift */; };
		CED5DE0E2B0234FE006AF024 /* TabButton.swift in Sources */ = {isa = PBXBuildFile; fileRef = CED5DE0D2B0234FE006AF024 /* TabButton.swift */; };
		CED5DE102B023530006AF024 /* TabsLayout.swift in Sources */ = {isa = PBXBuildFile; fileRef = CED5DE0F2B023530006AF024 /* TabsLayout.swift */; };
		CED5DE122B023E82006AF024 /* TODOScreen.swift in Sources */ = {isa = PBXBuildFile; fileRef = CED5DE112B023E82006AF024 /* TODOScreen.swift */; };
		CED69F302B02159F003E0FF2 /* Topic.swift in Sources */ = {isa = PBXBuildFile; fileRef = CED69F2F2B02159F003E0FF2 /* Topic.swift */; };
		CED69F322B02185E003E0FF2 /* NearDoctors.swift in Sources */ = {isa = PBXBuildFile; fileRef = CED69F312B02185E003E0FF2 /* NearDoctors.swift */; };
		CED69F342B0219F5003E0FF2 /* DoctorCard.swift in Sources */ = {isa = PBXBuildFile; fileRef = CED69F332B0219F5003E0FF2 /* DoctorCard.swift */; };
		CEEF74E22B07470900311909 /* Images.swift in Sources */ = {isa = PBXBuildFile; fileRef = CEEF74E12B07470900311909 /* Images.swift */; };
		CEF5CBF72B020A5800FC488C /* TopicRow.swift in Sources */ = {isa = PBXBuildFile; fileRef = CEF5CBF62B020A5700FC488C /* TopicRow.swift */; };
		CEF5CBF92B020C4400FC488C /* TopicItem.swift in Sources */ = {isa = PBXBuildFile; fileRef = CEF5CBF82B020C4400FC488C /* TopicItem.swift */; };
/* End PBXBuildFile section */

/* Begin PBXFileReference section */
		CE25D9B92B073A4A004EF9BE /* en */ = {isa = PBXFileReference; lastKnownFileType = text.plist.strings; name = en; path = en.lproj/Localizable.strings; sourceTree = "<group>"; };
		CE5988722B00FBA200337290 /* Doctor.swift */ = {isa = PBXFileReference; lastKnownFileType = sourcecode.swift; path = Doctor.swift; sourceTree = "<group>"; };
		CE5988742B00FC4300337290 /* ModelData.swift */ = {isa = PBXFileReference; lastKnownFileType = sourcecode.swift; path = ModelData.swift; sourceTree = "<group>"; };
		CE5988782B01065D00337290 /* Doctors.json */ = {isa = PBXFileReference; fileEncoding = 4; lastKnownFileType = text.json; path = Doctors.json; sourceTree = "<group>"; };
		CE59887C2B010C0600337290 /* Meetings.json */ = {isa = PBXFileReference; fileEncoding = 4; lastKnownFileType = text.json; path = Meetings.json; sourceTree = "<group>"; };
		CE59887E2B010D9D00337290 /* Meeting.swift */ = {isa = PBXFileReference; lastKnownFileType = sourcecode.swift; path = Meeting.swift; sourceTree = "<group>"; };
		CE5988812B010E9D00337290 /* GreetingHeader.swift */ = {isa = PBXFileReference; lastKnownFileType = sourcecode.swift; path = GreetingHeader.swift; sourceTree = "<group>"; };
		CE5988832B010F3B00337290 /* User.json */ = {isa = PBXFileReference; fileEncoding = 4; lastKnownFileType = text.json; path = User.json; sourceTree = "<group>"; };
		CE5988852B010FAE00337290 /* User.swift */ = {isa = PBXFileReference; lastKnownFileType = sourcecode.swift; path = User.swift; sourceTree = "<group>"; };
		CE5DAFE92B0137C800C65BB3 /* Colors.swift */ = {isa = PBXFileReference; lastKnownFileType = sourcecode.swift; path = Colors.swift; sourceTree = "<group>"; };
		CE5DAFEB2B013C0800C65BB3 /* Poppins-Bold.ttf */ = {isa = PBXFileReference; lastKnownFileType = file; path = "Poppins-Bold.ttf"; sourceTree = "<group>"; };
		CE5DAFEC2B013C0800C65BB3 /* Poppins-SemiBold.ttf */ = {isa = PBXFileReference; lastKnownFileType = file; path = "Poppins-SemiBold.ttf"; sourceTree = "<group>"; };
		CE5DAFF12B013CB800C65BB3 /* Info.plist */ = {isa = PBXFileReference; lastKnownFileType = text.plist.xml; path = Info.plist; sourceTree = "<group>"; };
		CE5DAFF42B013D9200C65BB3 /* Poppins-Regular.ttf */ = {isa = PBXFileReference; lastKnownFileType = file; path = "Poppins-Regular.ttf"; sourceTree = "<group>"; };
		CE5DAFF62B013E4900C65BB3 /* Fonts.swift */ = {isa = PBXFileReference; lastKnownFileType = sourcecode.swift; path = Fonts.swift; sourceTree = "<group>"; };
		CE5DAFF82B014B7800C65BB3 /* NearestMeeting.swift */ = {isa = PBXFileReference; lastKnownFileType = sourcecode.swift; path = NearestMeeting.swift; sourceTree = "<group>"; };
		CE7C44BA2B009B3100D7C5B8 /* YourDoctor.app */ = {isa = PBXFileReference; explicitFileType = wrapper.application; includeInIndex = 0; path = YourDoctor.app; sourceTree = BUILT_PRODUCTS_DIR; };
		CE7C44BD2B009B3100D7C5B8 /* YourDoctorApp.swift */ = {isa = PBXFileReference; lastKnownFileType = sourcecode.swift; path = YourDoctorApp.swift; sourceTree = "<group>"; };
		CE7C44BF2B009B3100D7C5B8 /* ContentView.swift */ = {isa = PBXFileReference; lastKnownFileType = sourcecode.swift; path = ContentView.swift; sourceTree = "<group>"; };
		CE7C44C12B009B3400D7C5B8 /* Assets.xcassets */ = {isa = PBXFileReference; lastKnownFileType = folder.assetcatalog; path = Assets.xcassets; sourceTree = "<group>"; };
		CE7C44C42B009B3400D7C5B8 /* Preview Assets.xcassets */ = {isa = PBXFileReference; lastKnownFileType = folder.assetcatalog; path = "Preview Assets.xcassets"; sourceTree = "<group>"; };
		CE7C44CB2B009BA800D7C5B8 /* MainScreen.swift */ = {isa = PBXFileReference; lastKnownFileType = sourcecode.swift; path = MainScreen.swift; sourceTree = "<group>"; };
		CED27CB72B01E6BD003B1AA5 /* SearchBar.swift */ = {isa = PBXFileReference; lastKnownFileType = sourcecode.swift; path = SearchBar.swift; sourceTree = "<group>"; };
		CED5DE0B2B02333C006AF024 /* Tab.swift */ = {isa = PBXFileReference; lastKnownFileType = sourcecode.swift; path = Tab.swift; sourceTree = "<group>"; };
		CED5DE0D2B0234FE006AF024 /* TabButton.swift */ = {isa = PBXFileReference; lastKnownFileType = sourcecode.swift; path = TabButton.swift; sourceTree = "<group>"; };
		CED5DE0F2B023530006AF024 /* TabsLayout.swift */ = {isa = PBXFileReference; lastKnownFileType = sourcecode.swift; path = TabsLayout.swift; sourceTree = "<group>"; };
		CED5DE112B023E82006AF024 /* TODOScreen.swift */ = {isa = PBXFileReference; lastKnownFileType = sourcecode.swift; path = TODOScreen.swift; sourceTree = "<group>"; };
		CED69F2F2B02159F003E0FF2 /* Topic.swift */ = {isa = PBXFileReference; lastKnownFileType = sourcecode.swift; path = Topic.swift; sourceTree = "<group>"; };
		CED69F312B02185E003E0FF2 /* NearDoctors.swift */ = {isa = PBXFileReference; lastKnownFileType = sourcecode.swift; path = NearDoctors.swift; sourceTree = "<group>"; };
		CED69F332B0219F5003E0FF2 /* DoctorCard.swift */ = {isa = PBXFileReference; lastKnownFileType = sourcecode.swift; path = DoctorCard.swift; sourceTree = "<group>"; };
		CEEF74E02B07406900311909 /* ru */ = {isa = PBXFileReference; lastKnownFileType = text.plist.strings; name = ru; path = ru.lproj/Localizable.strings; sourceTree = "<group>"; };
		CEEF74E12B07470900311909 /* Images.swift */ = {isa = PBXFileReference; lastKnownFileType = sourcecode.swift; path = Images.swift; sourceTree = "<group>"; };
		CEF5CBF62B020A5700FC488C /* TopicRow.swift */ = {isa = PBXFileReference; lastKnownFileType = sourcecode.swift; path = TopicRow.swift; sourceTree = "<group>"; };
		CEF5CBF82B020C4400FC488C /* TopicItem.swift */ = {isa = PBXFileReference; lastKnownFileType = sourcecode.swift; path = TopicItem.swift; sourceTree = "<group>"; };
/* End PBXFileReference section */

/* Begin PBXFrameworksBuildPhase section */
		CE7C44B72B009B3100D7C5B8 /* Frameworks */ = {
			isa = PBXFrameworksBuildPhase;
			buildActionMask = 2147483647;
			files = (
			);
			runOnlyForDeploymentPostprocessing = 0;
		};
/* End PBXFrameworksBuildPhase section */

/* Begin PBXGroup section */
		CE5988712B00FB7D00337290 /* Model */ = {
			isa = PBXGroup;
			children = (
				CE5988722B00FBA200337290 /* Doctor.swift */,
				CE5988742B00FC4300337290 /* ModelData.swift */,
				CE59887E2B010D9D00337290 /* Meeting.swift */,
				CE5988852B010FAE00337290 /* User.swift */,
				CED69F2F2B02159F003E0FF2 /* Topic.swift */,
				CED5DE0B2B02333C006AF024 /* Tab.swift */,
			);
			path = Model;
			sourceTree = "<group>";
		};
		CE59887A2B01066B00337290 /* Resources */ = {
			isa = PBXGroup;
			children = (
				CE5DAFF32B013D6200C65BB3 /* Fonts */,
				CE5DAFF22B013D5300C65BB3 /* Data */,
			);
			path = Resources;
			sourceTree = "<group>";
		};
		CE59887B2B01068900337290 /* Screens */ = {
			isa = PBXGroup;
			children = (
				CE7C44CB2B009BA800D7C5B8 /* MainScreen.swift */,
				CED5DE112B023E82006AF024 /* TODOScreen.swift */,
			);
			path = Screens;
			sourceTree = "<group>";
		};
		CE5988802B010E8A00337290 /* Views */ = {
			isa = PBXGroup;
			children = (
				CED5DE132B02405D006AF024 /* TabView */,
				CED5DE142B02438B006AF024 /* TopicView */,
				CE5988812B010E9D00337290 /* GreetingHeader.swift */,
				CE5DAFF82B014B7800C65BB3 /* NearestMeeting.swift */,
				CED27CB72B01E6BD003B1AA5 /* SearchBar.swift */,
				CED5DE152B0243B0006AF024 /* NearDoctorsView */,
			);
			path = Views;
			sourceTree = "<group>";
		};
		CE5988872B01102D00337290 /* Theme */ = {
			isa = PBXGroup;
			children = (
				CE5DAFE92B0137C800C65BB3 /* Colors.swift */,
				CE5DAFF62B013E4900C65BB3 /* Fonts.swift */,
				CEEF74E12B07470900311909 /* Images.swift */,
			);
			path = Theme;
			sourceTree = "<group>";
		};
		CE5DAFF22B013D5300C65BB3 /* Data */ = {
			isa = PBXGroup;
			children = (
				CE5988782B01065D00337290 /* Doctors.json */,
				CE59887C2B010C0600337290 /* Meetings.json */,
				CE5988832B010F3B00337290 /* User.json */,
			);
			path = Data;
			sourceTree = "<group>";
		};
		CE5DAFF32B013D6200C65BB3 /* Fonts */ = {
			isa = PBXGroup;
			children = (
				CE5DAFF12B013CB800C65BB3 /* Info.plist */,
				CE5DAFF42B013D9200C65BB3 /* Poppins-Regular.ttf */,
				CE5DAFEB2B013C0800C65BB3 /* Poppins-Bold.ttf */,
				CE5DAFEC2B013C0800C65BB3 /* Poppins-SemiBold.ttf */,
			);
			path = Fonts;
			sourceTree = "<group>";
		};
		CE7C44B12B009B3100D7C5B8 = {
			isa = PBXGroup;
			children = (
				CE7C44BC2B009B3100D7C5B8 /* YourDoctor */,
				CE7C44BB2B009B3100D7C5B8 /* Products */,
			);
			sourceTree = "<group>";
		};
		CE7C44BB2B009B3100D7C5B8 /* Products */ = {
			isa = PBXGroup;
			children = (
				CE7C44BA2B009B3100D7C5B8 /* YourDoctor.app */,
			);
			name = Products;
			sourceTree = "<group>";
		};
		CE7C44BC2B009B3100D7C5B8 /* YourDoctor */ = {
			isa = PBXGroup;
			children = (
				CE25D9BA2B073A4A004EF9BE /* Localizable.strings */,
				CE5988872B01102D00337290 /* Theme */,
				CE59887A2B01066B00337290 /* Resources */,
				CE7C44BD2B009B3100D7C5B8 /* YourDoctorApp.swift */,
				CE7C44BF2B009B3100D7C5B8 /* ContentView.swift */,
				CE5988802B010E8A00337290 /* Views */,
				CE59887B2B01068900337290 /* Screens */,
				CE5988712B00FB7D00337290 /* Model */,
				CE7C44C12B009B3400D7C5B8 /* Assets.xcassets */,
				CE7C44C32B009B3400D7C5B8 /* Preview Content */,
			);
			path = YourDoctor;
			sourceTree = "<group>";
		};
		CE7C44C32B009B3400D7C5B8 /* Preview Content */ = {
			isa = PBXGroup;
			children = (
				CE7C44C42B009B3400D7C5B8 /* Preview Assets.xcassets */,
			);
			path = "Preview Content";
			sourceTree = "<group>";
		};
		CED5DE132B02405D006AF024 /* TabView */ = {
			isa = PBXGroup;
			children = (
				CED5DE0F2B023530006AF024 /* TabsLayout.swift */,
				CED5DE0D2B0234FE006AF024 /* TabButton.swift */,
			);
			path = TabView;
			sourceTree = "<group>";
		};
		CED5DE142B02438B006AF024 /* TopicView */ = {
			isa = PBXGroup;
			children = (
				CEF5CBF82B020C4400FC488C /* TopicItem.swift */,
				CEF5CBF62B020A5700FC488C /* TopicRow.swift */,
			);
			path = TopicView;
			sourceTree = "<group>";
		};
		CED5DE152B0243B0006AF024 /* NearDoctorsView */ = {
			isa = PBXGroup;
			children = (
				CED69F312B02185E003E0FF2 /* NearDoctors.swift */,
				CED69F332B0219F5003E0FF2 /* DoctorCard.swift */,
			);
			path = NearDoctorsView;
			sourceTree = "<group>";
		};
/* End PBXGroup section */

/* Begin PBXNativeTarget section */
		CE7C44B92B009B3100D7C5B8 /* YourDoctor */ = {
			isa = PBXNativeTarget;
			buildConfigurationList = CE7C44C82B009B3400D7C5B8 /* Build configuration list for PBXNativeTarget "YourDoctor" */;
			buildPhases = (
				CE7C44B62B009B3100D7C5B8 /* Sources */,
				CE7C44B72B009B3100D7C5B8 /* Frameworks */,
				CE7C44B82B009B3100D7C5B8 /* Resources */,
			);
			buildRules = (
			);
			dependencies = (
			);
			name = YourDoctor;
			productName = YourDoctor;
			productReference = CE7C44BA2B009B3100D7C5B8 /* YourDoctor.app */;
			productType = "com.apple.product-type.application";
		};
/* End PBXNativeTarget section */

/* Begin PBXProject section */
		CE7C44B22B009B3100D7C5B8 /* Project object */ = {
			isa = PBXProject;
			attributes = {
				BuildIndependentTargetsInParallel = 1;
				LastSwiftUpdateCheck = 1420;
				LastUpgradeCheck = 1420;
				TargetAttributes = {
					CE7C44B92B009B3100D7C5B8 = {
						CreatedOnToolsVersion = 14.2;
					};
				};
			};
			buildConfigurationList = CE7C44B52B009B3100D7C5B8 /* Build configuration list for PBXProject "YourDoctor" */;
			compatibilityVersion = "Xcode 14.0";
			developmentRegion = en;
			hasScannedForEncodings = 0;
			knownRegions = (
				en,
				ru,
			);
			mainGroup = CE7C44B12B009B3100D7C5B8;
			productRefGroup = CE7C44BB2B009B3100D7C5B8 /* Products */;
			projectDirPath = "";
			projectRoot = "";
			targets = (
				CE7C44B92B009B3100D7C5B8 /* YourDoctor */,
			);
		};
/* End PBXProject section */

/* Begin PBXResourcesBuildPhase section */
		CE7C44B82B009B3100D7C5B8 /* Resources */ = {
			isa = PBXResourcesBuildPhase;
			buildActionMask = 2147483647;
			files = (
				CE5988792B01065D00337290 /* Doctors.json in Resources */,
				CE5DAFEF2B013C0800C65BB3 /* Poppins-SemiBold.ttf in Resources */,
				CE5DAFF52B013D9200C65BB3 /* Poppins-Regular.ttf in Resources */,
				CE5DAFEE2B013C0800C65BB3 /* Poppins-Bold.ttf in Resources */,
				CE25D9B82B073A4A004EF9BE /* Localizable.strings in Resources */,
				CE5988842B010F3B00337290 /* User.json in Resources */,
				CE59887D2B010C0600337290 /* Meetings.json in Resources */,
				CE7C44C52B009B3400D7C5B8 /* Preview Assets.xcassets in Resources */,
				CE7C44C22B009B3400D7C5B8 /* Assets.xcassets in Resources */,
			);
			runOnlyForDeploymentPostprocessing = 0;
		};
/* End PBXResourcesBuildPhase section */

/* Begin PBXSourcesBuildPhase section */
		CE7C44B62B009B3100D7C5B8 /* Sources */ = {
			isa = PBXSourcesBuildPhase;
			buildActionMask = 2147483647;
			files = (
				CED27CB82B01E6BD003B1AA5 /* SearchBar.swift in Sources */,
				CE7C44CC2B009BA800D7C5B8 /* MainScreen.swift in Sources */,
				CEF5CBF72B020A5800FC488C /* TopicRow.swift in Sources */,
				CEEF74E22B07470900311909 /* Images.swift in Sources */,
				CE5DAFEA2B0137C800C65BB3 /* Colors.swift in Sources */,
				CED5DE102B023530006AF024 /* TabsLayout.swift in Sources */,
				CE5DAFF92B014B7800C65BB3 /* NearestMeeting.swift in Sources */,
				CED69F302B02159F003E0FF2 /* Topic.swift in Sources */,
				CED5DE122B023E82006AF024 /* TODOScreen.swift in Sources */,
				CED69F322B02185E003E0FF2 /* NearDoctors.swift in Sources */,
				CE59887F2B010D9D00337290 /* Meeting.swift in Sources */,
				CE7C44C02B009B3100D7C5B8 /* ContentView.swift in Sources */,
				CE5988822B010E9D00337290 /* GreetingHeader.swift in Sources */,
				CED69F342B0219F5003E0FF2 /* DoctorCard.swift in Sources */,
				CED5DE0C2B02333C006AF024 /* Tab.swift in Sources */,
				CEF5CBF92B020C4400FC488C /* TopicItem.swift in Sources */,
				CED5DE0E2B0234FE006AF024 /* TabButton.swift in Sources */,
				CE5988862B010FAE00337290 /* User.swift in Sources */,
				CE5988752B00FC4300337290 /* ModelData.swift in Sources */,
				CE5DAFF72B013E4900C65BB3 /* Fonts.swift in Sources */,
				CE5988732B00FBA200337290 /* Doctor.swift in Sources */,
				CE7C44BE2B009B3100D7C5B8 /* YourDoctorApp.swift in Sources */,
			);
			runOnlyForDeploymentPostprocessing = 0;
		};
/* End PBXSourcesBuildPhase section */

/* Begin PBXVariantGroup section */
		CE25D9BA2B073A4A004EF9BE /* Localizable.strings */ = {
			isa = PBXVariantGroup;
			children = (
				CE25D9B92B073A4A004EF9BE /* en */,
				CEEF74E02B07406900311909 /* ru */,
			);
			name = Localizable.strings;
			sourceTree = "<group>";
		};
/* End PBXVariantGroup section */

/* Begin XCBuildConfiguration section */
		CE7C44C62B009B3400D7C5B8 /* Debug */ = {
			isa = XCBuildConfiguration;
			buildSettings = {
				ALWAYS_SEARCH_USER_PATHS = NO;
				CLANG_ANALYZER_LOCALIZABILITY_NONLOCALIZED = YES;
				CLANG_ANALYZER_NONNULL = YES;
				CLANG_ANALYZER_NUMBER_OBJECT_CONVERSION = YES_AGGRESSIVE;
				CLANG_CXX_LANGUAGE_STANDARD = "gnu++20";
				CLANG_ENABLE_MODULES = YES;
				CLANG_ENABLE_OBJC_ARC = YES;
				CLANG_ENABLE_OBJC_WEAK = YES;
				CLANG_WARN_BLOCK_CAPTURE_AUTORELEASING = YES;
				CLANG_WARN_BOOL_CONVERSION = YES;
				CLANG_WARN_COMMA = YES;
				CLANG_WARN_CONSTANT_CONVERSION = YES;
				CLANG_WARN_DEPRECATED_OBJC_IMPLEMENTATIONS = YES;
				CLANG_WARN_DIRECT_OBJC_ISA_USAGE = YES_ERROR;
				CLANG_WARN_DOCUMENTATION_COMMENTS = YES;
				CLANG_WARN_EMPTY_BODY = YES;
				CLANG_WARN_ENUM_CONVERSION = YES;
				CLANG_WARN_INFINITE_RECURSION = YES;
				CLANG_WARN_INT_CONVERSION = YES;
				CLANG_WARN_NON_LITERAL_NULL_CONVERSION = YES;
				CLANG_WARN_OBJC_IMPLICIT_RETAIN_SELF = YES;
				CLANG_WARN_OBJC_LITERAL_CONVERSION = YES;
				CLANG_WARN_OBJC_ROOT_CLASS = YES_ERROR;
				CLANG_WARN_QUOTED_INCLUDE_IN_FRAMEWORK_HEADER = YES;
				CLANG_WARN_RANGE_LOOP_ANALYSIS = YES;
				CLANG_WARN_STRICT_PROTOTYPES = YES;
				CLANG_WARN_SUSPICIOUS_MOVE = YES;
				CLANG_WARN_UNGUARDED_AVAILABILITY = YES_AGGRESSIVE;
				CLANG_WARN_UNREACHABLE_CODE = YES;
				CLANG_WARN__DUPLICATE_METHOD_MATCH = YES;
				COPY_PHASE_STRIP = NO;
				DEBUG_INFORMATION_FORMAT = dwarf;
				ENABLE_STRICT_OBJC_MSGSEND = YES;
				ENABLE_TESTABILITY = YES;
				GCC_C_LANGUAGE_STANDARD = gnu11;
				GCC_DYNAMIC_NO_PIC = NO;
				GCC_NO_COMMON_BLOCKS = YES;
				GCC_OPTIMIZATION_LEVEL = 0;
				GCC_PREPROCESSOR_DEFINITIONS = (
					"DEBUG=1",
					"$(inherited)",
				);
				GCC_WARN_64_TO_32_BIT_CONVERSION = YES;
				GCC_WARN_ABOUT_RETURN_TYPE = YES_ERROR;
				GCC_WARN_UNDECLARED_SELECTOR = YES;
				GCC_WARN_UNINITIALIZED_AUTOS = YES_AGGRESSIVE;
				GCC_WARN_UNUSED_FUNCTION = YES;
				GCC_WARN_UNUSED_VARIABLE = YES;
				IPHONEOS_DEPLOYMENT_TARGET = 16.2;
				MTL_ENABLE_DEBUG_INFO = INCLUDE_SOURCE;
				MTL_FAST_MATH = YES;
				ONLY_ACTIVE_ARCH = YES;
				SDKROOT = iphoneos;
				SWIFT_ACTIVE_COMPILATION_CONDITIONS = DEBUG;
				SWIFT_OPTIMIZATION_LEVEL = "-Onone";
			};
			name = Debug;
		};
		CE7C44C72B009B3400D7C5B8 /* Release */ = {
			isa = XCBuildConfiguration;
			buildSettings = {
				ALWAYS_SEARCH_USER_PATHS = NO;
				CLANG_ANALYZER_LOCALIZABILITY_NONLOCALIZED = YES;
				CLANG_ANALYZER_NONNULL = YES;
				CLANG_ANALYZER_NUMBER_OBJECT_CONVERSION = YES_AGGRESSIVE;
				CLANG_CXX_LANGUAGE_STANDARD = "gnu++20";
				CLANG_ENABLE_MODULES = YES;
				CLANG_ENABLE_OBJC_ARC = YES;
				CLANG_ENABLE_OBJC_WEAK = YES;
				CLANG_WARN_BLOCK_CAPTURE_AUTORELEASING = YES;
				CLANG_WARN_BOOL_CONVERSION = YES;
				CLANG_WARN_COMMA = YES;
				CLANG_WARN_CONSTANT_CONVERSION = YES;
				CLANG_WARN_DEPRECATED_OBJC_IMPLEMENTATIONS = YES;
				CLANG_WARN_DIRECT_OBJC_ISA_USAGE = YES_ERROR;
				CLANG_WARN_DOCUMENTATION_COMMENTS = YES;
				CLANG_WARN_EMPTY_BODY = YES;
				CLANG_WARN_ENUM_CONVERSION = YES;
				CLANG_WARN_INFINITE_RECURSION = YES;
				CLANG_WARN_INT_CONVERSION = YES;
				CLANG_WARN_NON_LITERAL_NULL_CONVERSION = YES;
				CLANG_WARN_OBJC_IMPLICIT_RETAIN_SELF = YES;
				CLANG_WARN_OBJC_LITERAL_CONVERSION = YES;
				CLANG_WARN_OBJC_ROOT_CLASS = YES_ERROR;
				CLANG_WARN_QUOTED_INCLUDE_IN_FRAMEWORK_HEADER = YES;
				CLANG_WARN_RANGE_LOOP_ANALYSIS = YES;
				CLANG_WARN_STRICT_PROTOTYPES = YES;
				CLANG_WARN_SUSPICIOUS_MOVE = YES;
				CLANG_WARN_UNGUARDED_AVAILABILITY = YES_AGGRESSIVE;
				CLANG_WARN_UNREACHABLE_CODE = YES;
				CLANG_WARN__DUPLICATE_METHOD_MATCH = YES;
				COPY_PHASE_STRIP = NO;
				DEBUG_INFORMATION_FORMAT = "dwarf-with-dsym";
				ENABLE_NS_ASSERTIONS = NO;
				ENABLE_STRICT_OBJC_MSGSEND = YES;
				GCC_C_LANGUAGE_STANDARD = gnu11;
				GCC_NO_COMMON_BLOCKS = YES;
				GCC_WARN_64_TO_32_BIT_CONVERSION = YES;
				GCC_WARN_ABOUT_RETURN_TYPE = YES_ERROR;
				GCC_WARN_UNDECLARED_SELECTOR = YES;
				GCC_WARN_UNINITIALIZED_AUTOS = YES_AGGRESSIVE;
				GCC_WARN_UNUSED_FUNCTION = YES;
				GCC_WARN_UNUSED_VARIABLE = YES;
				IPHONEOS_DEPLOYMENT_TARGET = 16.2;
				MTL_ENABLE_DEBUG_INFO = NO;
				MTL_FAST_MATH = YES;
				SDKROOT = iphoneos;
				SWIFT_COMPILATION_MODE = wholemodule;
				SWIFT_OPTIMIZATION_LEVEL = "-O";
				VALIDATE_PRODUCT = YES;
			};
			name = Release;
		};
		CE7C44C92B009B3400D7C5B8 /* Debug */ = {
			isa = XCBuildConfiguration;
			buildSettings = {
				ASSETCATALOG_COMPILER_APPICON_NAME = AppIcon;
				ASSETCATALOG_COMPILER_GLOBAL_ACCENT_COLOR_NAME = AccentColor;
				CODE_SIGN_STYLE = Automatic;
				CURRENT_PROJECT_VERSION = 1;
				DEVELOPMENT_ASSET_PATHS = "\"YourDoctor/Preview Content\"";
				ENABLE_PREVIEWS = YES;
				GENERATE_INFOPLIST_FILE = YES;
				INFOPLIST_FILE = YourDoctor/Resources/Fonts/Info.plist;
				INFOPLIST_KEY_UIApplicationSceneManifest_Generation = YES;
				INFOPLIST_KEY_UIApplicationSupportsIndirectInputEvents = YES;
				INFOPLIST_KEY_UILaunchScreen_Generation = YES;
				INFOPLIST_KEY_UISupportedInterfaceOrientations_iPad = "UIInterfaceOrientationPortrait UIInterfaceOrientationPortraitUpsideDown UIInterfaceOrientationLandscapeLeft UIInterfaceOrientationLandscapeRight";
				INFOPLIST_KEY_UISupportedInterfaceOrientations_iPhone = "UIInterfaceOrientationPortrait UIInterfaceOrientationLandscapeLeft UIInterfaceOrientationLandscapeRight";
				LD_RUNPATH_SEARCH_PATHS = (
					"$(inherited)",
					"@executable_path/Frameworks",
				);
				MARKETING_VERSION = 1.0;
				PRODUCT_BUNDLE_IDENTIFIER = yolor.YourDoctor;
				PRODUCT_NAME = "$(TARGET_NAME)";
				SWIFT_EMIT_LOC_STRINGS = YES;
				SWIFT_VERSION = 5.0;
				TARGETED_DEVICE_FAMILY = "1,2";
			};
			name = Debug;
		};
		CE7C44CA2B009B3400D7C5B8 /* Release */ = {
			isa = XCBuildConfiguration;
			buildSettings = {
				ASSETCATALOG_COMPILER_APPICON_NAME = AppIcon;
				ASSETCATALOG_COMPILER_GLOBAL_ACCENT_COLOR_NAME = AccentColor;
				CODE_SIGN_STYLE = Automatic;
				CURRENT_PROJECT_VERSION = 1;
				DEVELOPMENT_ASSET_PATHS = "\"YourDoctor/Preview Content\"";
				ENABLE_PREVIEWS = YES;
				GENERATE_INFOPLIST_FILE = YES;
				INFOPLIST_FILE = YourDoctor/Resources/Fonts/Info.plist;
				INFOPLIST_KEY_UIApplicationSceneManifest_Generation = YES;
				INFOPLIST_KEY_UIApplicationSupportsIndirectInputEvents = YES;
				INFOPLIST_KEY_UILaunchScreen_Generation = YES;
				INFOPLIST_KEY_UISupportedInterfaceOrientations_iPad = "UIInterfaceOrientationPortrait UIInterfaceOrientationPortraitUpsideDown UIInterfaceOrientationLandscapeLeft UIInterfaceOrientationLandscapeRight";
				INFOPLIST_KEY_UISupportedInterfaceOrientations_iPhone = "UIInterfaceOrientationPortrait UIInterfaceOrientationLandscapeLeft UIInterfaceOrientationLandscapeRight";
				LD_RUNPATH_SEARCH_PATHS = (
					"$(inherited)",
					"@executable_path/Frameworks",
				);
				MARKETING_VERSION = 1.0;
				PRODUCT_BUNDLE_IDENTIFIER = yolor.YourDoctor;
				PRODUCT_NAME = "$(TARGET_NAME)";
				SWIFT_EMIT_LOC_STRINGS = YES;
				SWIFT_VERSION = 5.0;
				TARGETED_DEVICE_FAMILY = "1,2";
			};
			name = Release;
		};
/* End XCBuildConfiguration section */

/* Begin XCConfigurationList section */
		CE7C44B52B009B3100D7C5B8 /* Build configuration list for PBXProject "YourDoctor" */ = {
			isa = XCConfigurationList;
			buildConfigurations = (
				CE7C44C62B009B3400D7C5B8 /* Debug */,
				CE7C44C72B009B3400D7C5B8 /* Release */,
			);
			defaultConfigurationIsVisible = 0;
			defaultConfigurationName = Release;
		};
		CE7C44C82B009B3400D7C5B8 /* Build configuration list for PBXNativeTarget "YourDoctor" */ = {
			isa = XCConfigurationList;
			buildConfigurations = (
				CE7C44C92B009B3400D7C5B8 /* Debug */,
				CE7C44CA2B009B3400D7C5B8 /* Release */,
			);
			defaultConfigurationIsVisible = 0;
			defaultConfigurationName = Release;
		};
/* End XCConfigurationList section */
	};
	rootObject = CE7C44B22B009B3100D7C5B8 /* Project object */;
}
